
Microsoft Visual Studio Solution File, Format Version 12.00
# Visual Studio 15
VisualStudioVersion = 15.0.28307.645
MinimumVisualStudioVersion = 10.0.40219.1
Project("{FAE04EC0-301F-11D3-BF4B-00C04F79EFBC}") = "ItemUsageHelper", "ItemUsageHelper\ItemUsageHelper.csproj", "{D3D6FA5B-B34E-464C-A5F6-1F5BE6790D16}"
EndProject
Global
	GlobalSection(SolutionConfigurationPlatforms) = preSolution
		Debug|Any CPU = Debug|Any CPU
		Release|Any CPU = Release|Any CPU
	EndGlobalSection
	GlobalSection(ProjectConfigurationPlatforms) = postSolution
		{D3D6FA5B-B34E-464C-A5F6-1F5BE6790D16}.Debug|Any CPU.ActiveCfg = Debug|Any CPU
		{D3D6FA5B-B34E-464C-A5F6-1F5BE6790D16}.Debug|Any CPU.Build.0 = Debug|Any CPU
		{D3D6FA5B-B34E-464C-A5F6-1F5BE6790D16}.Release|Any CPU.ActiveCfg = Release|Any CPU
		{D3D6FA5B-B34E-464C-A5F6-1F5BE6790D16}.Release|Any CPU.Build.0 = Release|Any CPU
	EndGlobalSection
	GlobalSection(SolutionProperties) = preSolution
		HideSolutionNode = FALSE
	EndGlobalSection
	GlobalSection(ExtensibilityGlobals) = postSolution
		SolutionGuid = {2F5A333A-E16E-4EAB-9325-9ABCE2839235}
	EndGlobalSection
EndGlobal
